
Microsoft Visual Studio Solution File, Format Version 11.00
# Visual Studio 2010
Project("{FAE04EC0-301F-11D3-BF4B-00C04F79EFBC}") = "Web", "Web\Web.csproj", "{35B07ACD-12DD-45DB-AB0E-A13E50243384}"
EndProject
Project("{FAE04EC0-301F-11D3-BF4B-00C04F79EFBC}") = "Module", "Module\Module.csproj", "{9CB3625C-0ADF-4EB1-A6D7-4391FF463EB0}"
EndProject
Project("{FAE04EC0-301F-11D3-BF4B-00C04F79EFBC}") = "UrlRewrite", "UrlRewrite\UrlRewrite.csproj", "{C6A5C74E-E057-45F6-9682-CC4584DCE94D}"
EndProject
Project("{FAE04EC0-301F-11D3-BF4B-00C04F79EFBC}") = "Entity", "Entity\Entity.csproj", "{1FD83AEE-9184-41C6-ADED-BECFE1AFDC13}"
EndProject
Project("{FAE04EC0-301F-11D3-BF4B-00C04F79EFBC}") = "Logic", "Logic\Logic.csproj", "{D2A4FD3A-C7C4-4AEE-8130-3597C86F5E86}"
EndProject
Project("{FAE04EC0-301F-11D3-BF4B-00C04F79EFBC}") = "Tool", "Tool\Tool.csproj", "{D8203375-7E38-42BF-9526-0C98CF3A0894}"
EndProject
Project("{FAE04EC0-301F-11D3-BF4B-00C04F79EFBC}") = "CYQ.Editor", "CYQ.Editor\CYQ.Editor.csproj", "{BD7B4CCD-91F2-482A-9AF6-0C0235CD3FD2}"
EndProject
Project("{FAE04EC0-301F-11D3-BF4B-00C04F79EFBC}") = "Web.Core", "Web.Core\Web.Core.csproj", "{5419FADA-8E23-4611-B257-4BA3A1AB9583}"
EndProject
Project("{FAE04EC0-301F-11D3-BF4B-00C04F79EFBC}") = "Web.Extend", "Web.Extend\Web.Extend.csproj", "{C6927653-A79B-4DE5-B510-0291929BB849}"
EndProject
Project("{FAE04EC0-301F-11D3-BF4B-00C04F79EFBC}") = "CYQ.Data", "CYQ.Data\CYQ.Data.csproj", "{B1159590-4A1C-4C30-BFF5-6BCA959C2A20}"
EndProject
Global
	GlobalSection(SolutionConfigurationPlatforms) = preSolution
		Debug|Any CPU = Debug|Any CPU
		Release|Any CPU = Release|Any CPU
	EndGlobalSection
	GlobalSection(ProjectConfigurationPlatforms) = postSolution
		{35B07ACD-12DD-45DB-AB0E-A13E50243384}.Debug|Any CPU.ActiveCfg = Debug|Any CPU
		{35B07ACD-12DD-45DB-AB0E-A13E50243384}.Debug|Any CPU.Build.0 = Debug|Any CPU
		{35B07ACD-12DD-45DB-AB0E-A13E50243384}.Release|Any CPU.ActiveCfg = Release|Any CPU
		{35B07ACD-12DD-45DB-AB0E-A13E50243384}.Release|Any CPU.Build.0 = Release|Any CPU
		{9CB3625C-0ADF-4EB1-A6D7-4391FF463EB0}.Debug|Any CPU.ActiveCfg = Debug|Any CPU
		{9CB3625C-0ADF-4EB1-A6D7-4391FF463EB0}.Debug|Any CPU.Build.0 = Debug|Any CPU
		{9CB3625C-0ADF-4EB1-A6D7-4391FF463EB0}.Release|Any CPU.ActiveCfg = Release|Any CPU
		{9CB3625C-0ADF-4EB1-A6D7-4391FF463EB0}.Release|Any CPU.Build.0 = Release|Any CPU
		{C6A5C74E-E057-45F6-9682-CC4584DCE94D}.Debug|Any CPU.ActiveCfg = Debug|Any CPU
		{C6A5C74E-E057-45F6-9682-CC4584DCE94D}.Debug|Any CPU.Build.0 = Debug|Any CPU
		{C6A5C74E-E057-45F6-9682-CC4584DCE94D}.Release|Any CPU.ActiveCfg = Release|Any CPU
		{C6A5C74E-E057-45F6-9682-CC4584DCE94D}.Release|Any CPU.Build.0 = Release|Any CPU
		{1FD83AEE-9184-41C6-ADED-BECFE1AFDC13}.Debug|Any CPU.ActiveCfg = Debug|Any CPU
		{1FD83AEE-9184-41C6-ADED-BECFE1AFDC13}.Debug|Any CPU.Build.0 = Debug|Any CPU
		{1FD83AEE-9184-41C6-ADED-BECFE1AFDC13}.Release|Any CPU.ActiveCfg = Release|Any CPU
		{1FD83AEE-9184-41C6-ADED-BECFE1AFDC13}.Release|Any CPU.Build.0 = Release|Any CPU
		{D2A4FD3A-C7C4-4AEE-8130-3597C86F5E86}.Debug|Any CPU.ActiveCfg = Debug|Any CPU
		{D2A4FD3A-C7C4-4AEE-8130-3597C86F5E86}.Debug|Any CPU.Build.0 = Debug|Any CPU
		{D2A4FD3A-C7C4-4AEE-8130-3597C86F5E86}.Release|Any CPU.ActiveCfg = Release|Any CPU
		{D2A4FD3A-C7C4-4AEE-8130-3597C86F5E86}.Release|Any CPU.Build.0 = Release|Any CPU
		{D8203375-7E38-42BF-9526-0C98CF3A0894}.Debug|Any CPU.ActiveCfg = Debug|Any CPU
		{D8203375-7E38-42BF-9526-0C98CF3A0894}.Debug|Any CPU.Build.0 = Debug|Any CPU
		{D8203375-7E38-42BF-9526-0C98CF3A0894}.Release|Any CPU.ActiveCfg = Release|Any CPU
		{D8203375-7E38-42BF-9526-0C98CF3A0894}.Release|Any CPU.Build.0 = Release|Any CPU
		{BD7B4CCD-91F2-482A-9AF6-0C0235CD3FD2}.Debug|Any CPU.ActiveCfg = Debug|Any CPU
		{BD7B4CCD-91F2-482A-9AF6-0C0235CD3FD2}.Debug|Any CPU.Build.0 = Debug|Any CPU
		{BD7B4CCD-91F2-482A-9AF6-0C0235CD3FD2}.Release|Any CPU.ActiveCfg = Release|Any CPU
		{BD7B4CCD-91F2-482A-9AF6-0C0235CD3FD2}.Release|Any CPU.Build.0 = Release|Any CPU
		{5419FADA-8E23-4611-B257-4BA3A1AB9583}.Debug|Any CPU.ActiveCfg = Debug|Any CPU
		{5419FADA-8E23-4611-B257-4BA3A1AB9583}.Debug|Any CPU.Build.0 = Debug|Any CPU
		{5419FADA-8E23-4611-B257-4BA3A1AB9583}.Release|Any CPU.ActiveCfg = Release|Any CPU
		{5419FADA-8E23-4611-B257-4BA3A1AB9583}.Release|Any CPU.Build.0 = Release|Any CPU
		{C6927653-A79B-4DE5-B510-0291929BB849}.Debug|Any CPU.ActiveCfg = Debug|Any CPU
		{C6927653-A79B-4DE5-B510-0291929BB849}.Debug|Any CPU.Build.0 = Debug|Any CPU
		{C6927653-A79B-4DE5-B510-0291929BB849}.Release|Any CPU.ActiveCfg = Release|Any CPU
		{C6927653-A79B-4DE5-B510-0291929BB849}.Release|Any CPU.Build.0 = Release|Any CPU
		{B1159590-4A1C-4C30-BFF5-6BCA959C2A20}.Debug|Any CPU.ActiveCfg = Debug|Any CPU
		{B1159590-4A1C-4C30-BFF5-6BCA959C2A20}.Debug|Any CPU.Build.0 = Debug|Any CPU
		{B1159590-4A1C-4C30-BFF5-6BCA959C2A20}.Release|Any CPU.ActiveCfg = Release|Any CPU
		{B1159590-4A1C-4C30-BFF5-6BCA959C2A20}.Release|Any CPU.Build.0 = Release|Any CPU
	EndGlobalSection
	GlobalSection(SolutionProperties) = preSolution
		HideSolutionNode = FALSE
	EndGlobalSection
EndGlobal
